
Microsoft Visual Studio Solution File, Format Version 12.00
# Visual Studio Version 17
VisualStudioVersion = 17.9.34728.123
MinimumVisualStudioVersion = 10.0.40219.1
Project("{54A90642-561A-4BB1-A94E-469ADEE60C69}") = "MyArrayList", "MyArrayList.esproj", "{43E9AC60-19FD-43AD-9A64-3370B676610B}"
EndProject
Global
	GlobalSection(SolutionConfigurationPlatforms) = preSolution
		Debug|Any CPU = Debug|Any CPU
		Release|Any CPU = Release|Any CPU
	EndGlobalSection
	GlobalSection(ProjectConfigurationPlatforms) = postSolution
		{43E9AC60-19FD-43AD-9A64-3370B676610B}.Debug|Any CPU.ActiveCfg = Debug|Any CPU
		{43E9AC60-19FD-43AD-9A64-3370B676610B}.Debug|Any CPU.Build.0 = Debug|Any CPU
		{43E9AC60-19FD-43AD-9A64-3370B676610B}.Debug|Any CPU.Deploy.0 = Debug|Any CPU
		{43E9AC60-19FD-43AD-9A64-3370B676610B}.Release|Any CPU.ActiveCfg = Release|Any CPU
		{43E9AC60-19FD-43AD-9A64-3370B676610B}.Release|Any CPU.Build.0 = Release|Any CPU
		{43E9AC60-19FD-43AD-9A64-3370B676610B}.Release|Any CPU.Deploy.0 = Release|Any CPU
	EndGlobalSection
	GlobalSection(SolutionProperties) = preSolution
		HideSolutionNode = FALSE
	EndGlobalSection
	GlobalSection(ExtensibilityGlobals) = postSolution
		SolutionGuid = {2AD6E686-5230-4244-B274-37225B9AE5ED}
	EndGlobalSection
EndGlobal
